// !$*UTF8*$!
{
	archiveVersion = 1;
	classes = {
	};
	objectVersion = 77;
	objects = {

/* Begin PBXContainerItemProxy section */
		FD7E0B012CBD9DC600CFFFD1 /* PBXContainerItemProxy */ = {
			isa = PBXContainerItemProxy;
			containerPortal = FD7E0AE22CBD9DC300CFFFD1 /* Project object */;
			proxyType = 1;
			remoteGlobalIDString = FD7E0AE92CBD9DC300CFFFD1;
			remoteInfo = "project-1";
		};
		FD7E0B0B2CBD9DC600CFFFD1 /* PBXContainerItemProxy */ = {
			isa = PBXContainerItemProxy;
			containerPortal = FD7E0AE22CBD9DC300CFFFD1 /* Project object */;
			proxyType = 1;
			remoteGlobalIDString = FD7E0AE92CBD9DC300CFFFD1;
			remoteInfo = "project-1";
		};
/* End PBXContainerItemProxy section */

/* Begin PBXFileReference section */
		FD7E0AEA2CBD9DC300CFFFD1 /* project-1.app */ = {isa = PBXFileReference; explicitFileType = wrapper.application; includeInIndex = 0; path = "project-1.app"; sourceTree = BUILT_PRODUCTS_DIR; };
		FD7E0B002CBD9DC600CFFFD1 /* project-1Tests.xctest */ = {isa = PBXFileReference; explicitFileType = wrapper.cfbundle; includeInIndex = 0; path = "project-1Tests.xctest"; sourceTree = BUILT_PRODUCTS_DIR; };
		FD7E0B0A2CBD9DC600CFFFD1 /* project-1UITests.xctest */ = {isa = PBXFileReference; explicitFileType = wrapper.cfbundle; includeInIndex = 0; path = "project-1UITests.xctest"; sourceTree = BUILT_PRODUCTS_DIR; };
/* End PBXFileReference section */

/* Begin PBXFileSystemSynchronizedBuildFileExceptionSet section */
		FD7E0B122CBD9DC600CFFFD1 /* Exceptions for "project-1" folder in "project-1" target */ = {
			isa = PBXFileSystemSynchronizedBuildFileExceptionSet;
			membershipExceptions = (
				Info.plist,
			);
			target = FD7E0AE92CBD9DC300CFFFD1 /* project-1 */;
		};
/* End PBXFileSystemSynchronizedBuildFileExceptionSet section */

/* Begin PBXFileSystemSynchronizedRootGroup section */
		FD7E0AEC2CBD9DC300CFFFD1 /* project-1 */ = {
			isa = PBXFileSystemSynchronizedRootGroup;
			exceptions = (
				FD7E0B122CBD9DC600CFFFD1 /* Exceptions for "project-1" folder in "project-1" target */,
			);
			path = "project-1";
			sourceTree = "<group>";
		};
		FD7E0B032CBD9DC600CFFFD1 /* project-1Tests */ = {
			isa = PBXFileSystemSynchronizedRootGroup;
			path = "project-1Tests";
			sourceTree = "<group>";
		};
		FD7E0B0D2CBD9DC600CFFFD1 /* project-1UITests */ = {
			isa = PBXFileSystemSynchronizedRootGroup;
			path = "project-1UITests";
			sourceTree = "<group>";
		};
/* End PBXFileSystemSynchronizedRootGroup section */

/* Begin PBXFrameworksBuildPhase section */
		FD7E0AE72CBD9DC300CFFFD1 /* Frameworks */ = {
			isa = PBXFrameworksBuildPhase;
			buildActionMask = 2147483647;
			files = (
			);
			runOnlyForDeploymentPostprocessing = 0;
		};
		FD7E0AFD2CBD9DC600CFFFD1 /* Frameworks */ = {
			isa = PBXFrameworksBuildPhase;
			buildActionMask = 2147483647;
			files = (
			);
			runOnlyForDeploymentPostprocessing = 0;
		};
		FD7E0B072CBD9DC600CFFFD1 /* Frameworks */ = {
			isa = PBXFrameworksBuildPhase;
			buildActionMask = 2147483647;
			files = (
			);
			runOnlyForDeploymentPostprocessing = 0;
		};
/* End PBXFrameworksBuildPhase section */

/* Begin PBXGroup section */
		FD7E0AE12CBD9DC300CFFFD1 = {
			isa = PBXGroup;
			children = (
				FD7E0AEC2CBD9DC300CFFFD1 /* project-1 */,
				FD7E0B032CBD9DC600CFFFD1 /* project-1Tests */,
				FD7E0B0D2CBD9DC600CFFFD1 /* project-1UITests */,
				FD7E0AEB2CBD9DC300CFFFD1 /* Products */,
			);
			sourceTree = "<group>";
		};
		FD7E0AEB2CBD9DC300CFFFD1 /* Products */ = {
			isa = PBXGroup;
			children = (
				FD7E0AEA2CBD9DC300CFFFD1 /* project-1.app */,
				FD7E0B002CBD9DC600CFFFD1 /* project-1Tests.xctest */,
				FD7E0B0A2CBD9DC600CFFFD1 /* project-1UITests.xctest */,
			);
			name = Products;
			sourceTree = "<group>";
		};
/* End PBXGroup section */

/* Begin PBXNativeTarget section */
		FD7E0AE92CBD9DC300CFFFD1 /* project-1 */ = {
			isa = PBXNativeTarget;
			buildConfigurationList = FD7E0B132CBD9DC600CFFFD1 /* Build configuration list for PBXNativeTarget "project-1" */;
			buildPhases = (
				FD7E0AE62CBD9DC300CFFFD1 /* Sources */,
				FD7E0AE72CBD9DC300CFFFD1 /* Frameworks */,
				FD7E0AE82CBD9DC300CFFFD1 /* Resources */,
			);
			buildRules = (
			);
			dependencies = (
			);
			fileSystemSynchronizedGroups = (
				FD7E0AEC2CBD9DC300CFFFD1 /* project-1 */,
			);
			name = "project-1";
			packageProductDependencies = (
			);
			productName = "project-1";
			productReference = FD7E0AEA2CBD9DC300CFFFD1 /* project-1.app */;
			productType = "com.apple.product-type.application";
		};
		FD7E0AFF2CBD9DC600CFFFD1 /* project-1Tests */ = {
			isa = PBXNativeTarget;
			buildConfigurationList = FD7E0B182CBD9DC600CFFFD1 /* Build configuration list for PBXNativeTarget "project-1Tests" */;
			buildPhases = (
				FD7E0AFC2CBD9DC600CFFFD1 /* Sources */,
				FD7E0AFD2CBD9DC600CFFFD1 /* Frameworks */,
				FD7E0AFE2CBD9DC600CFFFD1 /* Resources */,
			);
			buildRules = (
			);
			dependencies = (
				FD7E0B022CBD9DC600CFFFD1 /* PBXTargetDependency */,
			);
			fileSystemSynchronizedGroups = (
				FD7E0B032CBD9DC600CFFFD1 /* project-1Tests */,
			);
			name = "project-1Tests";
			packageProductDependencies = (
			);
			productName = "project-1Tests";
			productReference = FD7E0B002CBD9DC600CFFFD1 /* project-1Tests.xctest */;
			productType = "com.apple.product-type.bundle.unit-test";
		};
		FD7E0B092CBD9DC600CFFFD1 /* project-1UITests */ = {
			isa = PBXNativeTarget;
			buildConfigurationList = FD7E0B1B2CBD9DC600CFFFD1 /* Build configuration list for PBXNativeTarget "project-1UITests" */;
			buildPhases = (
				FD7E0B062CBD9DC600CFFFD1 /* Sources */,
				FD7E0B072CBD9DC600CFFFD1 /* Frameworks */,
				FD7E0B082CBD9DC600CFFFD1 /* Resources */,
			);
			buildRules = (
			);
			dependencies = (
				FD7E0B0C2CBD9DC600CFFFD1 /* PBXTargetDependency */,
			);
			fileSystemSynchronizedGroups = (
				FD7E0B0D2CBD9DC600CFFFD1 /* project-1UITests */,
			);
			name = "project-1UITests";
			packageProductDependencies = (
			);
			productName = "project-1UITests";
			productReference = FD7E0B0A2CBD9DC600CFFFD1 /* project-1UITests.xctest */;
			productType = "com.apple.product-type.bundle.ui-testing";
		};
/* End PBXNativeTarget section */

/* Begin PBXProject section */
		FD7E0AE22CBD9DC300CFFFD1 /* Project object */ = {
			isa = PBXProject;
			attributes = {
				BuildIndependentTargetsInParallel = 1;
				LastSwiftUpdateCheck = 1600;
				LastUpgradeCheck = 1600;
				TargetAttributes = {
					FD7E0AE92CBD9DC300CFFFD1 = {
						CreatedOnToolsVersion = 16.0;
					};
					FD7E0AFF2CBD9DC600CFFFD1 = {
						CreatedOnToolsVersion = 16.0;
						TestTargetID = FD7E0AE92CBD9DC300CFFFD1;
					};
					FD7E0B092CBD9DC600CFFFD1 = {
						CreatedOnToolsVersion = 16.0;
						TestTargetID = FD7E0AE92CBD9DC300CFFFD1;
					};
				};
			};
			buildConfigurationList = FD7E0AE52CBD9DC300CFFFD1 /* Build configuration list for PBXProject "project-1" */;
			developmentRegion = en;
			hasScannedForEncodings = 0;
			knownRegions = (
				en,
				Base,
			);
			mainGroup = FD7E0AE12CBD9DC300CFFFD1;
			minimizedProjectReferenceProxies = 1;
			preferredProjectObjectVersion = 77;
			productRefGroup = FD7E0AEB2CBD9DC300CFFFD1 /* Products */;
			projectDirPath = "";
			projectRoot = "";
			targets = (
				FD7E0AE92CBD9DC300CFFFD1 /* project-1 */,
				FD7E0AFF2CBD9DC600CFFFD1 /* project-1Tests */,
				FD7E0B092CBD9DC600CFFFD1 /* project-1UITests */,
			);
		};
/* End PBXProject section */

/* Begin PBXResourcesBuildPhase section */
		FD7E0AE82CBD9DC300CFFFD1 /* Resources */ = {
			isa = PBXResourcesBuildPhase;
			buildActionMask = 2147483647;
			files = (
			);
			runOnlyForDeploymentPostprocessing = 0;
		};
		FD7E0AFE2CBD9DC600CFFFD1 /* Resources */ = {
			isa = PBXResourcesBuildPhase;
			buildActionMask = 2147483647;
			files = (
			);
			runOnlyForDeploymentPostprocessing = 0;
		};
		FD7E0B082CBD9DC600CFFFD1 /* Resources */ = {
			isa = PBXResourcesBuildPhase;
			buildActionMask = 2147483647;
			files = (
			);
			runOnlyForDeploymentPostprocessing = 0;
		};
/* End PBXResourcesBuildPhase section */

/* Begin PBXSourcesBuildPhase section */
		FD7E0AE62CBD9DC300CFFFD1 /* Sources */ = {
			isa = PBXSourcesBuildPhase;
			buildActionMask = 2147483647;
			files = (
			);
			runOnlyForDeploymentPostprocessing = 0;
		};
		FD7E0AFC2CBD9DC600CFFFD1 /* Sources */ = {
			isa = PBXSourcesBuildPhase;
			buildActionMask = 2147483647;
			files = (
			);
			runOnlyForDeploymentPostprocessing = 0;
		};
		FD7E0B062CBD9DC600CFFFD1 /* Sources */ = {
			isa = PBXSourcesBuildPhase;
			buildActionMask = 2147483647;
			files = (
			);
			runOnlyForDeploymentPostprocessing = 0;
		};
/* End PBXSourcesBuildPhase section */

/* Begin PBXTargetDependency section */
		FD7E0B022CBD9DC600CFFFD1 /* PBXTargetDependency */ = {
			isa = PBXTargetDependency;
			target = FD7E0AE92CBD9DC300CFFFD1 /* project-1 */;
			targetProxy = FD7E0B012CBD9DC600CFFFD1 /* PBXContainerItemProxy */;
		};
		FD7E0B0C2CBD9DC600CFFFD1 /* PBXTargetDependency */ = {
			isa = PBXTargetDependency;
			target = FD7E0AE92CBD9DC300CFFFD1 /* project-1 */;
			targetProxy = FD7E0B0B2CBD9DC600CFFFD1 /* PBXContainerItemProxy */;
		};
/* End PBXTargetDependency section */

/* Begin XCBuildConfiguration section */
		FD7E0B142CBD9DC600CFFFD1 /* Debug */ = {
			isa = XCBuildConfiguration;
			buildSettings = {
				ASSETCATALOG_COMPILER_APPICON_NAME = AppIcon;
				ASSETCATALOG_COMPILER_GLOBAL_ACCENT_COLOR_NAME = AccentColor;
				CODE_SIGN_STYLE = Automatic;
				CURRENT_PROJECT_VERSION = 1;
				GENERATE_INFOPLIST_FILE = YES;
				INFOPLIST_FILE = "project-1/Info.plist";
				INFOPLIST_KEY_UIApplicationSupportsIndirectInputEvents = YES;
				INFOPLIST_KEY_UILaunchStoryboardName = LaunchScreen;
				INFOPLIST_KEY_UIMainStoryboardFile = Main;
				INFOPLIST_KEY_UISupportedInterfaceOrientations_iPad = "UIInterfaceOrientationPortrait UIInterfaceOrientationPortraitUpsideDown UIInterfaceOrientationLandscapeLeft UIInterfaceOrientationLandscapeRight";
				INFOPLIST_KEY_UISupportedInterfaceOrientations_iPhone = "UIInterfaceOrientationPortrait UIInterfaceOrientationLandscapeLeft UIInterfaceOrientationLandscapeRight";
				LD_RUNPATH_SEARCH_PATHS = (
					"$(inherited)",
					"@executable_path/Frameworks",
				);
				MARKETING_VERSION = 1.0;
				PRODUCT_BUNDLE_IDENTIFIER = "edu.auburn.project-1";
				PRODUCT_NAME = "$(TARGET_NAME)";
				SWIFT_EMIT_LOC_STRINGS = YES;
				SWIFT_VERSION = 5.0;
				TARGETED_DEVICE_FAMILY = "1,2";
			};
			name = Debug;
		};
		FD7E0B152CBD9DC600CFFFD1 /* Release */ = {
			isa = XCBuildConfiguration;
			buildSettings = {
				ASSETCATALOG_COMPILER_APPICON_NAME = AppIcon;
				ASSETCATALOG_COMPILER_GLOBAL_ACCENT_COLOR_NAME = AccentColor;
				CODE_SIGN_STYLE = Automatic;
				CURRENT_PROJECT_VERSION = 1;
				GENERATE_INFOPLIST_FILE = YES;
				INFOPLIST_FILE = "project-1/Info.plist";
				INFOPLIST_KEY_UIApplicationSupportsIndirectInputEvents = YES;
				INFOPLIST_KEY_UILaunchStoryboardName = LaunchScreen;
				INFOPLIST_KEY_UIMainStoryboardFile = Main;
				INFOPLIST_KEY_UISupportedInterfaceOrientations_iPad = "UIInterfaceOrientationPortrait UIInterfaceOrientationPortraitUpsideDown UIInterfaceOrientationLandscapeLeft UIInterfaceOrientationLandscapeRight";
				INFOPLIST_KEY_UISupportedInterfaceOrientations_iPhone = "UIInterfaceOrientationPortrait UIInterfaceOrientationLandscapeLeft UIInterfaceOrientationLandscapeRight";
				LD_RUNPATH_SEARCH_PATHS = (
					"$(inherited)",
					"@executable_path/Frameworks",
				);
				MARKETING_VERSION = 1.0;
				PRODUCT_BUNDLE_IDENTIFIER = "edu.auburn.project-1";
				PRODUCT_NAME = "$(TARGET_NAME)";
				SWIFT_EMIT_LOC_STRINGS = YES;
				SWIFT_VERSION = 5.0;
				TARGETED_DEVICE_FAMILY = "1,2";
			};
			name = Release;
		};
		FD7E0B162CBD9DC600CFFFD1 /* Debug */ = {
			isa = XCBuildConfiguration;
			buildSettings = {
				ALWAYS_SEARCH_USER_PATHS = NO;
				ASSETCATALOG_COMPILER_GENERATE_SWIFT_ASSET_SYMBOL_EXTENSIONS = YES;
				CLANG_ANALYZER_NONNULL = YES;
				CLANG_ANALYZER_NUMBER_OBJECT_CONVERSION = YES_AGGRESSIVE;
				CLANG_CXX_LANGUAGE_STANDARD = "gnu++20";
				CLANG_ENABLE_MODULES = YES;
				CLANG_ENABLE_OBJC_ARC = YES;
				CLANG_ENABLE_OBJC_WEAK = YES;
				CLANG_WARN_BLOCK_CAPTURE_AUTORELEASING = YES;
				CLANG_WARN_BOOL_CONVERSION = YES;
				CLANG_WARN_COMMA = YES;
				CLANG_WARN_CONSTANT_CONVERSION = YES;
				CLANG_WARN_DEPRECATED_OBJC_IMPLEMENTATIONS = YES;
				CLANG_WARN_DIRECT_OBJC_ISA_USAGE = YES_ERROR;
				CLANG_WARN_DOCUMENTATION_COMMENTS = YES;
				CLANG_WARN_EMPTY_BODY = YES;
				CLANG_WARN_ENUM_CONVERSION = YES;
				CLANG_WARN_INFINITE_RECURSION = YES;
				CLANG_WARN_INT_CONVERSION = YES;
				CLANG_WARN_NON_LITERAL_NULL_CONVERSION = YES;
				CLANG_WARN_OBJC_IMPLICIT_RETAIN_SELF = YES;
				CLANG_WARN_OBJC_LITERAL_CONVERSION = YES;
				CLANG_WARN_OBJC_ROOT_CLASS = YES_ERROR;
				CLANG_WARN_QUOTED_INCLUDE_IN_FRAMEWORK_HEADER = YES;
				CLANG_WARN_RANGE_LOOP_ANALYSIS = YES;
				CLANG_WARN_STRICT_PROTOTYPES = YES;
				CLANG_WARN_SUSPICIOUS_MOVE = YES;
				CLANG_WARN_UNGUARDED_AVAILABILITY = YES_AGGRESSIVE;
				CLANG_WARN_UNREACHABLE_CODE = YES;
				CLANG_WARN__DUPLICATE_METHOD_MATCH = YES;
				COPY_PHASE_STRIP = NO;
				DEBUG_INFORMATION_FORMAT = dwarf;
				ENABLE_STRICT_OBJC_MSGSEND = YES;
				ENABLE_TESTABILITY = YES;
				ENABLE_USER_SCRIPT_SANDBOXING = YES;
				GCC_C_LANGUAGE_STANDARD = gnu17;
				GCC_DYNAMIC_NO_PIC = NO;
				GCC_NO_COMMON_BLOCKS = YES;
				GCC_OPTIMIZATION_LEVEL = 0;
				GCC_PREPROCESSOR_DEFINITIONS = (
					"DEBUG=1",
					"$(inherited)",
				);
				GCC_WARN_64_TO_32_BIT_CONVERSION = YES;
				GCC_WARN_ABOUT_RETURN_TYPE = YES_ERROR;
				GCC_WARN_UNDECLARED_SELECTOR = YES;
				GCC_WARN_UNINITIALIZED_AUTOS = YES_AGGRESSIVE;
				GCC_WARN_UNUSED_FUNCTION = YES;
				GCC_WARN_UNUSED_VARIABLE = YES;
				IPHONEOS_DEPLOYMENT_TARGET = 18.0;
				LOCALIZATION_PREFERS_STRING_CATALOGS = YES;
				MTL_ENABLE_DEBUG_INFO = INCLUDE_SOURCE;
				MTL_FAST_MATH = YES;
				ONLY_ACTIVE_ARCH = YES;
				SDKROOT = iphoneos;
				SWIFT_ACTIVE_COMPILATION_CONDITIONS = "DEBUG $(inherited)";
				SWIFT_OPTIMIZATION_LEVEL = "-Onone";
			};
			name = Debug;
		};
		FD7E0B172CBD9DC600CFFFD1 /* Release */ = {
			isa = XCBuildConfiguration;
			buildSettings = {
				ALWAYS_SEARCH_USER_PATHS = NO;
				ASSETCATALOG_COMPILER_GENERATE_SWIFT_ASSET_SYMBOL_EXTENSIONS = YES;
				CLANG_ANALYZER_NONNULL = YES;
				CLANG_ANALYZER_NUMBER_OBJECT_CONVERSION = YES_AGGRESSIVE;
				CLANG_CXX_LANGUAGE_STANDARD = "gnu++20";
				CLANG_ENABLE_MODULES = YES;
				CLANG_ENABLE_OBJC_ARC = YES;
				CLANG_ENABLE_OBJC_WEAK = YES;
				CLANG_WARN_BLOCK_CAPTURE_AUTORELEASING = YES;
				CLANG_WARN_BOOL_CONVERSION = YES;
				CLANG_WARN_COMMA = YES;
				CLANG_WARN_CONSTANT_CONVERSION = YES;
				CLANG_WARN_DEPRECATED_OBJC_IMPLEMENTATIONS = YES;
				CLANG_WARN_DIRECT_OBJC_ISA_USAGE = YES_ERROR;
				CLANG_WARN_DOCUMENTATION_COMMENTS = YES;
				CLANG_WARN_EMPTY_BODY = YES;
				CLANG_WARN_ENUM_CONVERSION = YES;
				CLANG_WARN_INFINITE_RECURSION = YES;
				CLANG_WARN_INT_CONVERSION = YES;
				CLANG_WARN_NON_LITERAL_NULL_CONVERSION = YES;
				CLANG_WARN_OBJC_IMPLICIT_RETAIN_SELF = YES;
				CLANG_WARN_OBJC_LITERAL_CONVERSION = YES;
				CLANG_WARN_OBJC_ROOT_CLASS = YES_ERROR;
				CLANG_WARN_QUOTED_INCLUDE_IN_FRAMEWORK_HEADER = YES;
				CLANG_WARN_RANGE_LOOP_ANALYSIS = YES;
				CLANG_WARN_STRICT_PROTOTYPES = YES;
				CLANG_WARN_SUSPICIOUS_MOVE = YES;
				CLANG_WARN_UNGUARDED_AVAILABILITY = YES_AGGRESSIVE;
				CLANG_WARN_UNREACHABLE_CODE = YES;
				CLANG_WARN__DUPLICATE_METHOD_MATCH = YES;
				COPY_PHASE_STRIP = NO;
				DEBUG_INFORMATION_FORMAT = "dwarf-with-dsym";
				ENABLE_NS_ASSERTIONS = NO;
				ENABLE_STRICT_OBJC_MSGSEND = YES;
				ENABLE_USER_SCRIPT_SANDBOXING = YES;
				GCC_C_LANGUAGE_STANDARD = gnu17;
				GCC_NO_COMMON_BLOCKS = YES;
				GCC_WARN_64_TO_32_BIT_CONVERSION = YES;
				GCC_WARN_ABOUT_RETURN_TYPE = YES_ERROR;
				GCC_WARN_UNDECLARED_SELECTOR = YES;
				GCC_WARN_UNINITIALIZED_AUTOS = YES_AGGRESSIVE;
				GCC_WARN_UNUSED_FUNCTION = YES;
				GCC_WARN_UNUSED_VARIABLE = YES;
				IPHONEOS_DEPLOYMENT_TARGET = 18.0;
				LOCALIZATION_PREFERS_STRING_CATALOGS = YES;
				MTL_ENABLE_DEBUG_INFO = NO;
				MTL_FAST_MATH = YES;
				SDKROOT = iphoneos;
				SWIFT_COMPILATION_MODE = wholemodule;
				VALIDATE_PRODUCT = YES;
			};
			name = Release;
		};
		FD7E0B192CBD9DC600CFFFD1 /* Debug */ = {
			isa = XCBuildConfiguration;
			buildSettings = {
				BUNDLE_LOADER = "$(TEST_HOST)";
				CODE_SIGN_STYLE = Automatic;
				CURRENT_PROJECT_VERSION = 1;
				GENERATE_INFOPLIST_FILE = YES;
				IPHONEOS_DEPLOYMENT_TARGET = 18.0;
				MARKETING_VERSION = 1.0;
				PRODUCT_BUNDLE_IDENTIFIER = "edu.auburn.project-1Tests";
				PRODUCT_NAME = "$(TARGET_NAME)";
				SWIFT_EMIT_LOC_STRINGS = NO;
				SWIFT_VERSION = 5.0;
				TARGETED_DEVICE_FAMILY = "1,2";
				TEST_HOST = "$(BUILT_PRODUCTS_DIR)/project-1.app/$(BUNDLE_EXECUTABLE_FOLDER_PATH)/project-1";
			};
			name = Debug;
		};
		FD7E0B1A2CBD9DC600CFFFD1 /* Release */ = {
			isa = XCBuildConfiguration;
			buildSettings = {
				BUNDLE_LOADER = "$(TEST_HOST)";
				CODE_SIGN_STYLE = Automatic;
				CURRENT_PROJECT_VERSION = 1;
				GENERATE_INFOPLIST_FILE = YES;
				IPHONEOS_DEPLOYMENT_TARGET = 18.0;
				MARKETING_VERSION = 1.0;
				PRODUCT_BUNDLE_IDENTIFIER = "edu.auburn.project-1Tests";
				PRODUCT_NAME = "$(TARGET_NAME)";
				SWIFT_EMIT_LOC_STRINGS = NO;
				SWIFT_VERSION = 5.0;
				TARGETED_DEVICE_FAMILY = "1,2";
				TEST_HOST = "$(BUILT_PRODUCTS_DIR)/project-1.app/$(BUNDLE_EXECUTABLE_FOLDER_PATH)/project-1";
			};
			name = Release;
		};
		FD7E0B1C2CBD9DC600CFFFD1 /* Debug */ = {
			isa = XCBuildConfiguration;
			buildSettings = {
				CODE_SIGN_STYLE = Automatic;
				CURRENT_PROJECT_VERSION = 1;
				GENERATE_INFOPLIST_FILE = YES;
				MARKETING_VERSION = 1.0;
				PRODUCT_BUNDLE_IDENTIFIER = "edu.auburn.project-1UITests";
				PRODUCT_NAME = "$(TARGET_NAME)";
				SWIFT_EMIT_LOC_STRINGS = NO;
				SWIFT_VERSION = 5.0;
				TARGETED_DEVICE_FAMILY = "1,2";
				TEST_TARGET_NAME = "project-1";
			};
			name = Debug;
		};
		FD7E0B1D2CBD9DC600CFFFD1 /* Release */ = {
			isa = XCBuildConfiguration;
			buildSettings = {
				CODE_SIGN_STYLE = Automatic;
				CURRENT_PROJECT_VERSION = 1;
				GENERATE_INFOPLIST_FILE = YES;
				MARKETING_VERSION = 1.0;
				PRODUCT_BUNDLE_IDENTIFIER = "edu.auburn.project-1UITests";
				PRODUCT_NAME = "$(TARGET_NAME)";
				SWIFT_EMIT_LOC_STRINGS = NO;
				SWIFT_VERSION = 5.0;
				TARGETED_DEVICE_FAMILY = "1,2";
				TEST_TARGET_NAME = "project-1";
			};
			name = Release;
		};
/* End XCBuildConfiguration section */

/* Begin XCConfigurationList section */
		FD7E0AE52CBD9DC300CFFFD1 /* Build configuration list for PBXProject "project-1" */ = {
			isa = XCConfigurationList;
			buildConfigurations = (
				FD7E0B162CBD9DC600CFFFD1 /* Debug */,
				FD7E0B172CBD9DC600CFFFD1 /* Release */,
			);
			defaultConfigurationIsVisible = 0;
			defaultConfigurationName = Release;
		};
		FD7E0B132CBD9DC600CFFFD1 /* Build configuration list for PBXNativeTarget "project-1" */ = {
			isa = XCConfigurationList;
			buildConfigurations = (
				FD7E0B142CBD9DC600CFFFD1 /* Debug */,
				FD7E0B152CBD9DC600CFFFD1 /* Release */,
			);
			defaultConfigurationIsVisible = 0;
			defaultConfigurationName = Release;
		};
		FD7E0B182CBD9DC600CFFFD1 /* Build configuration list for PBXNativeTarget "project-1Tests" */ = {
			isa = XCConfigurationList;
			buildConfigurations = (
				FD7E0B192CBD9DC600CFFFD1 /* Debug */,
				FD7E0B1A2CBD9DC600CFFFD1 /* Release */,
			);
			defaultConfigurationIsVisible = 0;
			defaultConfigurationName = Release;
		};
		FD7E0B1B2CBD9DC600CFFFD1 /* Build configuration list for PBXNativeTarget "project-1UITests" */ = {
			isa = XCConfigurationList;
			buildConfigurations = (
				FD7E0B1C2CBD9DC600CFFFD1 /* Debug */,
				FD7E0B1D2CBD9DC600CFFFD1 /* Release */,
			);
			defaultConfigurationIsVisible = 0;
			defaultConfigurationName = Release;
		};
/* End XCConfigurationList section */
	};
	rootObject = FD7E0AE22CBD9DC300CFFFD1 /* Project object */;
}
